
Microsoft Visual Studio Solution File, Format Version 12.00
# Visual Studio 15
VisualStudioVersion = 15.0.28307.421
MinimumVisualStudioVersion = 10.0.40219.1
Project("{FAE04EC0-301F-11D3-BF4B-00C04F79EFBC}") = "Server", "Server\Server.csproj", "{53F4574E-3B01-4D9B-BE7E-A4207BF9E158}"
EndProject
Global
	GlobalSection(SolutionConfigurationPlatforms) = preSolution
		Debug|Any CPU = Debug|Any CPU
		Release|Any CPU = Release|Any CPU
	EndGlobalSection
	GlobalSection(ProjectConfigurationPlatforms) = postSolution
		{53F4574E-3B01-4D9B-BE7E-A4207BF9E158}.Debug|Any CPU.ActiveCfg = Debug|Any CPU
		{53F4574E-3B01-4D9B-BE7E-A4207BF9E158}.Debug|Any CPU.Build.0 = Debug|Any CPU
		{53F4574E-3B01-4D9B-BE7E-A4207BF9E158}.Release|Any CPU.ActiveCfg = Release|Any CPU
		{53F4574E-3B01-4D9B-BE7E-A4207BF9E158}.Release|Any CPU.Build.0 = Release|Any CPU
	EndGlobalSection
	GlobalSection(SolutionProperties) = preSolution
		HideSolutionNode = FALSE
	EndGlobalSection
	GlobalSection(ExtensibilityGlobals) = postSolution
		SolutionGuid = {1CE21A0A-0C1D-4A53-B57A-F096D3C08BB7}
	EndGlobalSection
EndGlobal
